
Microsoft Visual Studio Solution File, Format Version 12.00
# Visual Studio Version 16
VisualStudioVersion = 16.0.32228.343
MinimumVisualStudioVersion = 15.0.26124.0
Project("{9A19103F-16F7-4668-BE54-9A1E7A4F7556}") = "ProjCharGenerator", "ProjCharGenerator\ProjCharGenerator.csproj", "{50520084-DEC7-4E01-BAB2-5D4043C4C719}"
EndProject
Project("{9A19103F-16F7-4668-BE54-9A1E7A4F7556}") = "ProjCharGenerator.Tests", "ProjCharGenerator.Tests\ProjCharGenerator.Tests.csproj", "{FECE5B21-EB0D-4F77-8D28-FA83364B777C}"
EndProject
Global
	GlobalSection(SolutionConfigurationPlatforms) = preSolution
		Debug|Any CPU = Debug|Any CPU
		Debug|x64 = Debug|x64
		Debug|x86 = Debug|x86
		Release|Any CPU = Release|Any CPU
		Release|x64 = Release|x64
		Release|x86 = Release|x86
	EndGlobalSection
	GlobalSection(ProjectConfigurationPlatforms) = postSolution
		{50520084-DEC7-4E01-BAB2-5D4043C4C719}.Debug|Any CPU.ActiveCfg = Debug|Any CPU
		{50520084-DEC7-4E01-BAB2-5D4043C4C719}.Debug|Any CPU.Build.0 = Debug|Any CPU
		{50520084-DEC7-4E01-BAB2-5D4043C4C719}.Debug|x64.ActiveCfg = Debug|Any CPU
		{50520084-DEC7-4E01-BAB2-5D4043C4C719}.Debug|x64.Build.0 = Debug|Any CPU
		{50520084-DEC7-4E01-BAB2-5D4043C4C719}.Debug|x86.ActiveCfg = Debug|Any CPU
		{50520084-DEC7-4E01-BAB2-5D4043C4C719}.Debug|x86.Build.0 = Debug|Any CPU
		{50520084-DEC7-4E01-BAB2-5D4043C4C719}.Release|Any CPU.ActiveCfg = Release|Any CPU
		{50520084-DEC7-4E01-BAB2-5D4043C4C719}.Release|Any CPU.Build.0 = Release|Any CPU
		{50520084-DEC7-4E01-BAB2-5D4043C4C719}.Release|x64.ActiveCfg = Release|Any CPU
		{50520084-DEC7-4E01-BAB2-5D4043C4C719}.Release|x64.Build.0 = Release|Any CPU
		{50520084-DEC7-4E01-BAB2-5D4043C4C719}.Release|x86.ActiveCfg = Release|Any CPU
		{50520084-DEC7-4E01-BAB2-5D4043C4C719}.Release|x86.Build.0 = Release|Any CPU
		{FECE5B21-EB0D-4F77-8D28-FA83364B777C}.Debug|Any CPU.ActiveCfg = Debug|Any CPU
		{FECE5B21-EB0D-4F77-8D28-FA83364B777C}.Debug|Any CPU.Build.0 = Debug|Any CPU
		{FECE5B21-EB0D-4F77-8D28-FA83364B777C}.Debug|x64.ActiveCfg = Debug|Any CPU
		{FECE5B21-EB0D-4F77-8D28-FA83364B777C}.Debug|x64.Build.0 = Debug|Any CPU
		{FECE5B21-EB0D-4F77-8D28-FA83364B777C}.Debug|x86.ActiveCfg = Debug|Any CPU
		{FECE5B21-EB0D-4F77-8D28-FA83364B777C}.Debug|x86.Build.0 = Debug|Any CPU
		{FECE5B21-EB0D-4F77-8D28-FA83364B777C}.Release|Any CPU.ActiveCfg = Release|Any CPU
		{FECE5B21-EB0D-4F77-8D28-FA83364B777C}.Release|Any CPU.Build.0 = Release|Any CPU
		{FECE5B21-EB0D-4F77-8D28-FA83364B777C}.Release|x64.ActiveCfg = Release|Any CPU
		{FECE5B21-EB0D-4F77-8D28-FA83364B777C}.Release|x64.Build.0 = Release|Any CPU
		{FECE5B21-EB0D-4F77-8D28-FA83364B777C}.Release|x86.ActiveCfg = Release|Any CPU
		{FECE5B21-EB0D-4F77-8D28-FA83364B777C}.Release|x86.Build.0 = Release|Any CPU
	EndGlobalSection
	GlobalSection(SolutionProperties) = preSolution
		HideSolutionNode = FALSE
	EndGlobalSection
	GlobalSection(ExtensibilityGlobals) = postSolution
		SolutionGuid = {C5EFDDDF-EC3B-44E0-8D10-342E3D4BEBD5}
	EndGlobalSection
EndGlobal
